
Microsoft Visual Studio Solution File, Format Version 12.00
# Visual Studio 2013
VisualStudioVersion = 12.0.30110.0
MinimumVisualStudioVersion = 10.0.40219.1
Project("{FAE04EC0-301F-11D3-BF4B-00C04F79EFBC}") = "ZombieSmashers", "ZombieSmashers\ZombieSmashers\ZombieSmashers.csproj", "{720F9E91-FFD5-42E9-BDAF-E1C8CB5F8236}"
EndProject
Project("{FAE04EC0-301F-11D3-BF4B-00C04F79EFBC}") = "SharedContent", "ZombieSmashers\ZombieSmashersContent\SharedContent.contentproj", "{24811106-732B-4532-9D5E-B868F41F3D27}"
EndProject
Project("{FAE04EC0-301F-11D3-BF4B-00C04F79EFBC}") = "MapEditor", "MapEditor\MapEditor\MapEditor.csproj", "{AEC1B7A0-BF64-4503-876D-D06D57559609}"
EndProject
Project("{FAE04EC0-301F-11D3-BF4B-00C04F79EFBC}") = "CharacterEditor", "CharacterEditor\CharacterEditor\CharacterEditor.csproj", "{72090B15-CDE4-4E0E-9DEB-4F082085D5DF}"
EndProject
Project("{2150E333-8FDC-42A3-9474-1A3956D46DE8}") = "Editors", "Editors", "{CF502477-30C3-4E6C-9B44-3BDB60BCA03C}"
EndProject
Project("{2150E333-8FDC-42A3-9474-1A3956D46DE8}") = "Libs", "Libs", "{AC76EF69-5540-42D7-AA3C-A85A92AB09AE}"
EndProject
Project("{FAE04EC0-301F-11D3-BF4B-00C04F79EFBC}") = "TextLib", "TextLib\TextLib.csproj", "{E5B96545-EA95-4A80-8FFD-B36CB49B4004}"
EndProject
Project("{FAE04EC0-301F-11D3-BF4B-00C04F79EFBC}") = "MouseLib", "MouseLib\MouseLib.csproj", "{C3CC48CE-5FAA-4135-A317-3856E64230C5}"
EndProject
Project("{FAE04EC0-301F-11D3-BF4B-00C04F79EFBC}") = "Helpers", "Helpers\Helpers.csproj", "{64E0E6A9-80B6-4AE8-91CF-61A3C66DBA55}"
EndProject
Project("{FAE04EC0-301F-11D3-BF4B-00C04F79EFBC}") = "GraphicalUserInterfaceLib", "GraphicalUserInterfaceLib\GraphicalUserInterfaceLib.csproj", "{79E7513D-8E54-483E-9408-AF19B90B8C24}"
EndProject
Project("{FAE04EC0-301F-11D3-BF4B-00C04F79EFBC}") = "KeyboardLib", "KeyboardLib\KeyboardLib.csproj", "{4C1F08D3-B61E-4DD3-9BA7-2D8EC071B783}"
EndProject
Global
	GlobalSection(SolutionConfigurationPlatforms) = preSolution
		Debug|x86 = Debug|x86
		Release|x86 = Release|x86
	EndGlobalSection
	GlobalSection(ProjectConfigurationPlatforms) = postSolution
		{720F9E91-FFD5-42E9-BDAF-E1C8CB5F8236}.Debug|x86.ActiveCfg = Debug|x86
		{720F9E91-FFD5-42E9-BDAF-E1C8CB5F8236}.Debug|x86.Build.0 = Debug|x86
		{720F9E91-FFD5-42E9-BDAF-E1C8CB5F8236}.Release|x86.ActiveCfg = Release|x86
		{720F9E91-FFD5-42E9-BDAF-E1C8CB5F8236}.Release|x86.Build.0 = Release|x86
		{24811106-732B-4532-9D5E-B868F41F3D27}.Debug|x86.ActiveCfg = Debug|x86
		{24811106-732B-4532-9D5E-B868F41F3D27}.Release|x86.ActiveCfg = Release|x86
		{AEC1B7A0-BF64-4503-876D-D06D57559609}.Debug|x86.ActiveCfg = Debug|x86
		{AEC1B7A0-BF64-4503-876D-D06D57559609}.Debug|x86.Build.0 = Debug|x86
		{AEC1B7A0-BF64-4503-876D-D06D57559609}.Release|x86.ActiveCfg = Release|x86
		{AEC1B7A0-BF64-4503-876D-D06D57559609}.Release|x86.Build.0 = Release|x86
		{72090B15-CDE4-4E0E-9DEB-4F082085D5DF}.Debug|x86.ActiveCfg = Debug|x86
		{72090B15-CDE4-4E0E-9DEB-4F082085D5DF}.Debug|x86.Build.0 = Debug|x86
		{72090B15-CDE4-4E0E-9DEB-4F082085D5DF}.Release|x86.ActiveCfg = Release|x86
		{72090B15-CDE4-4E0E-9DEB-4F082085D5DF}.Release|x86.Build.0 = Release|x86
		{E5B96545-EA95-4A80-8FFD-B36CB49B4004}.Debug|x86.ActiveCfg = Debug|x86
		{E5B96545-EA95-4A80-8FFD-B36CB49B4004}.Debug|x86.Build.0 = Debug|x86
		{E5B96545-EA95-4A80-8FFD-B36CB49B4004}.Release|x86.ActiveCfg = Release|x86
		{E5B96545-EA95-4A80-8FFD-B36CB49B4004}.Release|x86.Build.0 = Release|x86
		{C3CC48CE-5FAA-4135-A317-3856E64230C5}.Debug|x86.ActiveCfg = Debug|x86
		{C3CC48CE-5FAA-4135-A317-3856E64230C5}.Debug|x86.Build.0 = Debug|x86
		{C3CC48CE-5FAA-4135-A317-3856E64230C5}.Release|x86.ActiveCfg = Release|x86
		{C3CC48CE-5FAA-4135-A317-3856E64230C5}.Release|x86.Build.0 = Release|x86
		{64E0E6A9-80B6-4AE8-91CF-61A3C66DBA55}.Debug|x86.ActiveCfg = Debug|x86
		{64E0E6A9-80B6-4AE8-91CF-61A3C66DBA55}.Debug|x86.Build.0 = Debug|x86
		{64E0E6A9-80B6-4AE8-91CF-61A3C66DBA55}.Release|x86.ActiveCfg = Release|x86
		{64E0E6A9-80B6-4AE8-91CF-61A3C66DBA55}.Release|x86.Build.0 = Release|x86
		{79E7513D-8E54-483E-9408-AF19B90B8C24}.Debug|x86.ActiveCfg = Debug|x86
		{79E7513D-8E54-483E-9408-AF19B90B8C24}.Debug|x86.Build.0 = Debug|x86
		{79E7513D-8E54-483E-9408-AF19B90B8C24}.Release|x86.ActiveCfg = Release|x86
		{79E7513D-8E54-483E-9408-AF19B90B8C24}.Release|x86.Build.0 = Release|x86
		{4C1F08D3-B61E-4DD3-9BA7-2D8EC071B783}.Debug|x86.ActiveCfg = Debug|x86
		{4C1F08D3-B61E-4DD3-9BA7-2D8EC071B783}.Debug|x86.Build.0 = Debug|x86
		{4C1F08D3-B61E-4DD3-9BA7-2D8EC071B783}.Release|x86.ActiveCfg = Release|x86
		{4C1F08D3-B61E-4DD3-9BA7-2D8EC071B783}.Release|x86.Build.0 = Release|x86
	EndGlobalSection
	GlobalSection(SolutionProperties) = preSolution
		HideSolutionNode = FALSE
	EndGlobalSection
	GlobalSection(NestedProjects) = preSolution
		{72090B15-CDE4-4E0E-9DEB-4F082085D5DF} = {CF502477-30C3-4E6C-9B44-3BDB60BCA03C}
		{AEC1B7A0-BF64-4503-876D-D06D57559609} = {CF502477-30C3-4E6C-9B44-3BDB60BCA03C}
		{E5B96545-EA95-4A80-8FFD-B36CB49B4004} = {AC76EF69-5540-42D7-AA3C-A85A92AB09AE}
		{C3CC48CE-5FAA-4135-A317-3856E64230C5} = {AC76EF69-5540-42D7-AA3C-A85A92AB09AE}
		{64E0E6A9-80B6-4AE8-91CF-61A3C66DBA55} = {AC76EF69-5540-42D7-AA3C-A85A92AB09AE}
		{79E7513D-8E54-483E-9408-AF19B90B8C24} = {AC76EF69-5540-42D7-AA3C-A85A92AB09AE}
		{4C1F08D3-B61E-4DD3-9BA7-2D8EC071B783} = {AC76EF69-5540-42D7-AA3C-A85A92AB09AE}
	EndGlobalSection
EndGlobal
