
Microsoft Visual Studio Solution File, Format Version 12.00
# Visual Studio 2013
VisualStudioVersion = 12.0.30501.0
MinimumVisualStudioVersion = 10.0.40219.1
Project("{FAE04EC0-301F-11D3-BF4B-00C04F79EFBC}") = "MonogameWpf2", "MonogameWpf2\MonogameWpf2.csproj", "{A1255227-1021-4732-B4DF-965C21C9682A}"
EndProject
Project("{2150E333-8FDC-42A3-9474-1A3956D46DE8}") = ".nuget", ".nuget", "{165225C6-1797-4E22-B67E-001BD568099E}"
	ProjectSection(SolutionItems) = preProject
		.nuget\NuGet.Config = .nuget\NuGet.Config
		.nuget\NuGet.exe = .nuget\NuGet.exe
		.nuget\NuGet.targets = .nuget\NuGet.targets
	EndProjectSection
EndProject
Global
	GlobalSection(SolutionConfigurationPlatforms) = preSolution
		Android|Any CPU = Android|Any CPU
		Android|Mixed Platforms = Android|Mixed Platforms
		Android|x86 = Android|x86
		Debug|Any CPU = Debug|Any CPU
		Debug|Mixed Platforms = Debug|Mixed Platforms
		Debug|x86 = Debug|x86
		iOS|Any CPU = iOS|Any CPU
		iOS|Mixed Platforms = iOS|Mixed Platforms
		iOS|x86 = iOS|x86
		Linux|Any CPU = Linux|Any CPU
		Linux|Mixed Platforms = Linux|Mixed Platforms
		Linux|x86 = Linux|x86
		OSX|Any CPU = OSX|Any CPU
		OSX|Mixed Platforms = OSX|Mixed Platforms
		OSX|x86 = OSX|x86
		PSM|Any CPU = PSM|Any CPU
		PSM|Mixed Platforms = PSM|Mixed Platforms
		PSM|x86 = PSM|x86
		Release|Any CPU = Release|Any CPU
		Release|Mixed Platforms = Release|Mixed Platforms
		Release|x86 = Release|x86
		Windows|Any CPU = Windows|Any CPU
		Windows|Mixed Platforms = Windows|Mixed Platforms
		Windows|x86 = Windows|x86
		Windows8|Any CPU = Windows8|Any CPU
		Windows8|Mixed Platforms = Windows8|Mixed Platforms
		Windows8|x86 = Windows8|x86
	EndGlobalSection
	GlobalSection(ProjectConfigurationPlatforms) = postSolution
		{A1255227-1021-4732-B4DF-965C21C9682A}.Android|Any CPU.ActiveCfg = Release|Any CPU
		{A1255227-1021-4732-B4DF-965C21C9682A}.Android|Any CPU.Build.0 = Release|Any CPU
		{A1255227-1021-4732-B4DF-965C21C9682A}.Android|Mixed Platforms.ActiveCfg = Debug|Any CPU
		{A1255227-1021-4732-B4DF-965C21C9682A}.Android|Mixed Platforms.Build.0 = Debug|Any CPU
		{A1255227-1021-4732-B4DF-965C21C9682A}.Android|x86.ActiveCfg = Debug|Any CPU
		{A1255227-1021-4732-B4DF-965C21C9682A}.Debug|Any CPU.ActiveCfg = Debug|Any CPU
		{A1255227-1021-4732-B4DF-965C21C9682A}.Debug|Any CPU.Build.0 = Debug|Any CPU
		{A1255227-1021-4732-B4DF-965C21C9682A}.Debug|Mixed Platforms.ActiveCfg = Debug|Any CPU
		{A1255227-1021-4732-B4DF-965C21C9682A}.Debug|Mixed Platforms.Build.0 = Debug|Any CPU
		{A1255227-1021-4732-B4DF-965C21C9682A}.Debug|x86.ActiveCfg = Debug|Any CPU
		{A1255227-1021-4732-B4DF-965C21C9682A}.iOS|Any CPU.ActiveCfg = Release|Any CPU
		{A1255227-1021-4732-B4DF-965C21C9682A}.iOS|Any CPU.Build.0 = Release|Any CPU
		{A1255227-1021-4732-B4DF-965C21C9682A}.iOS|Mixed Platforms.ActiveCfg = Debug|Any CPU
		{A1255227-1021-4732-B4DF-965C21C9682A}.iOS|Mixed Platforms.Build.0 = Debug|Any CPU
		{A1255227-1021-4732-B4DF-965C21C9682A}.iOS|x86.ActiveCfg = Debug|Any CPU
		{A1255227-1021-4732-B4DF-965C21C9682A}.Linux|Any CPU.ActiveCfg = Release|Any CPU
		{A1255227-1021-4732-B4DF-965C21C9682A}.Linux|Any CPU.Build.0 = Release|Any CPU
		{A1255227-1021-4732-B4DF-965C21C9682A}.Linux|Mixed Platforms.ActiveCfg = Debug|Any CPU
		{A1255227-1021-4732-B4DF-965C21C9682A}.Linux|Mixed Platforms.Build.0 = Debug|Any CPU
		{A1255227-1021-4732-B4DF-965C21C9682A}.Linux|x86.ActiveCfg = Debug|Any CPU
		{A1255227-1021-4732-B4DF-965C21C9682A}.OSX|Any CPU.ActiveCfg = Release|Any CPU
		{A1255227-1021-4732-B4DF-965C21C9682A}.OSX|Any CPU.Build.0 = Release|Any CPU
		{A1255227-1021-4732-B4DF-965C21C9682A}.OSX|Mixed Platforms.ActiveCfg = Debug|Any CPU
		{A1255227-1021-4732-B4DF-965C21C9682A}.OSX|Mixed Platforms.Build.0 = Debug|Any CPU
		{A1255227-1021-4732-B4DF-965C21C9682A}.OSX|x86.ActiveCfg = Debug|Any CPU
		{A1255227-1021-4732-B4DF-965C21C9682A}.PSM|Any CPU.ActiveCfg = Release|Any CPU
		{A1255227-1021-4732-B4DF-965C21C9682A}.PSM|Any CPU.Build.0 = Release|Any CPU
		{A1255227-1021-4732-B4DF-965C21C9682A}.PSM|Mixed Platforms.ActiveCfg = Debug|Any CPU
		{A1255227-1021-4732-B4DF-965C21C9682A}.PSM|Mixed Platforms.Build.0 = Debug|Any CPU
		{A1255227-1021-4732-B4DF-965C21C9682A}.PSM|x86.ActiveCfg = Debug|Any CPU
		{A1255227-1021-4732-B4DF-965C21C9682A}.Release|Any CPU.ActiveCfg = Release|Any CPU
		{A1255227-1021-4732-B4DF-965C21C9682A}.Release|Any CPU.Build.0 = Release|Any CPU
		{A1255227-1021-4732-B4DF-965C21C9682A}.Release|Mixed Platforms.ActiveCfg = Release|Any CPU
		{A1255227-1021-4732-B4DF-965C21C9682A}.Release|Mixed Platforms.Build.0 = Release|Any CPU
		{A1255227-1021-4732-B4DF-965C21C9682A}.Release|x86.ActiveCfg = Release|Any CPU
		{A1255227-1021-4732-B4DF-965C21C9682A}.Windows|Any CPU.ActiveCfg = Release|Any CPU
		{A1255227-1021-4732-B4DF-965C21C9682A}.Windows|Any CPU.Build.0 = Release|Any CPU
		{A1255227-1021-4732-B4DF-965C21C9682A}.Windows|Mixed Platforms.ActiveCfg = Debug|Any CPU
		{A1255227-1021-4732-B4DF-965C21C9682A}.Windows|Mixed Platforms.Build.0 = Debug|Any CPU
		{A1255227-1021-4732-B4DF-965C21C9682A}.Windows|x86.ActiveCfg = Debug|Any CPU
		{A1255227-1021-4732-B4DF-965C21C9682A}.Windows8|Any CPU.ActiveCfg = Release|Any CPU
		{A1255227-1021-4732-B4DF-965C21C9682A}.Windows8|Any CPU.Build.0 = Release|Any CPU
		{A1255227-1021-4732-B4DF-965C21C9682A}.Windows8|Mixed Platforms.ActiveCfg = Debug|Any CPU
		{A1255227-1021-4732-B4DF-965C21C9682A}.Windows8|Mixed Platforms.Build.0 = Debug|Any CPU
		{A1255227-1021-4732-B4DF-965C21C9682A}.Windows8|x86.ActiveCfg = Debug|Any CPU
	EndGlobalSection
	GlobalSection(SolutionProperties) = preSolution
		HideSolutionNode = FALSE
	EndGlobalSection
EndGlobal
