
Microsoft Visual Studio Solution File, Format Version 12.00
# Visual Studio 2013
VisualStudioVersion = 12.0.30501.0
MinimumVisualStudioVersion = 10.0.40219.1
Project("{FAE04EC0-301F-11D3-BF4B-00C04F79EFBC}") = "MonogameWpf", "MonogameWpf\MonogameWpf.csproj", "{62114129-8419-4FE0-A8BE-7FE4385E535D}"
EndProject
Global
	GlobalSection(SolutionConfigurationPlatforms) = preSolution
		Debug|Any CPU = Debug|Any CPU
		Release|Any CPU = Release|Any CPU
	EndGlobalSection
	GlobalSection(ProjectConfigurationPlatforms) = postSolution
		{62114129-8419-4FE0-A8BE-7FE4385E535D}.Debug|Any CPU.ActiveCfg = Debug|Any CPU
		{62114129-8419-4FE0-A8BE-7FE4385E535D}.Debug|Any CPU.Build.0 = Debug|Any CPU
		{62114129-8419-4FE0-A8BE-7FE4385E535D}.Release|Any CPU.ActiveCfg = Release|Any CPU
		{62114129-8419-4FE0-A8BE-7FE4385E535D}.Release|Any CPU.Build.0 = Release|Any CPU
	EndGlobalSection
	GlobalSection(SolutionProperties) = preSolution
		HideSolutionNode = FALSE
	EndGlobalSection
EndGlobal
